# THIS IS AN AUTOGENERATED FILE. DO NOT EDIT THIS FILE DIRECTLY.
# yarn lockfile v1


"js-utils@git+https://8265015e18616ae2d58e38f4fd9ca111b8beaff8:x-oauth-basic@github.com/kollegorna/js-utils.git#6507589":
  version "1.0.0"
  resolved "git+https://8265015e18616ae2d58e38f4fd9ca111b8beaff8:x-oauth-basic@github.com/kollegorna/js-utils.git#6507589ae81c91ff2db72d7c4905a3d2d52674f9"
